<?xml version="1.0" encoding="utf-8"?>
<Project ToolsVersion="4.0" xmlns="http://schemas.microsoft.com/developer/msbuild/2003">
  <ItemGroup>
    <Filter Include="Source Files">
      <UniqueIdentifier>{4FC737F1-C7A5-4376-A066-2A32D752A2FF}</UniqueIdentifier>
      <Extensions>cpp;c;cc;cxx;def;odl;idl;hpj;bat;asm;asmx</Extensions>
    </Filter>
    <Filter Include="Header Files">
      <UniqueIdentifier>{93995380-89BD-4b04-88EB-625FBE52EBFB}</UniqueIdentifier>
      <Extensions>h;hh;hpp;hxx;hm;inl;inc;ipp;xsd</Extensions>
    </Filter>
    <Filter Include="Resource Files">
      <UniqueIdentifier>{67DA6AB6-F800-4c08-8B7A-83BB121AAD01}</UniqueIdentifier>
      <Extensions>rc;ico;cur;bmp;dlg;rc2;rct;bin;rgs;gif;jpg;jpeg;jpe;resx;tiff;tif;png;wav;mfcribbon-ms</Extensions>
    </Filter>
    <Filter Include="Header Files\system">
      <UniqueIdentifier>{7b7931eb-0790-4d93-93d5-b25106963b43}</UniqueIdentifier>
    </Filter>
    <Filter Include="Header Files\draw">
      <UniqueIdentifier>{b6600b59-8fd1-4632-9e5a-181efd31474f}</UniqueIdentifier>
    </Filter>
    <Filter Include="Header Files\global">
      <UniqueIdentifier>{59b662ec-e101-45e7-9933-d100bf708055}</UniqueIdentifier>
    </Filter>
    <Filter Include="Header Files\control">
      <UniqueIdentifier>{44d6f1e4-f282-45b6-94fe-92a5aec864df}</UniqueIdentifier>
    </Filter>
    <Filter Include="Source Files\draw">
      <UniqueIdentifier>{3fe79e19-7b70-4f0b-a1ce-a7464c0b4720}</UniqueIdentifier>
    </Filter>
    <Filter Include="Source Files\global">
      <UniqueIdentifier>{5fe67e40-7680-43e7-8b57-ef8e4b703d7f}</UniqueIdentifier>
    </Filter>
    <Filter Include="Source Files\control">
      <UniqueIdentifier>{a064b402-7461-4849-b66a-cbc9feff13ab}</UniqueIdentifier>
    </Filter>
    <Filter Include="Header Files\system\classes">
      <UniqueIdentifier>{f34255ca-a3ba-43b9-9615-30c97028e8d8}</UniqueIdentifier>
    </Filter>
    <Filter Include="Source Files\system">
      <UniqueIdentifier>{7d67cca8-1557-4357-aa11-84a6446fb883}</UniqueIdentifier>
    </Filter>
    <Filter Include="Source Files\system\methods">
      <UniqueIdentifier>{2870a028-28f7-4463-ada3-a428c679a9c3}</UniqueIdentifier>
    </Filter>
    <Filter Include="Source Files\system\classes">
      <UniqueIdentifier>{b1d6c934-a98a-46eb-8a69-5e6165589dd5}</UniqueIdentifier>
    </Filter>
    <Filter Include="Source Files\draw\classes">
      <UniqueIdentifier>{3a18c135-0c4c-4fa5-81d0-6bfb0e4d8b9b}</UniqueIdentifier>
    </Filter>
    <Filter Include="Source Files\draw\methods">
      <UniqueIdentifier>{a35be7a3-bb6c-4566-a5ac-8629fd405528}</UniqueIdentifier>
    </Filter>
    <Filter Include="Header Files\audio">
      <UniqueIdentifier>{24874fb5-c529-4665-b030-c62592b5873a}</UniqueIdentifier>
    </Filter>
    <Filter Include="Source Files\audio">
      <UniqueIdentifier>{ef88b2db-6358-4a0e-9c46-dc95675b45c9}</UniqueIdentifier>
    </Filter>
  </ItemGroup>
  <ItemGroup>
    <ResourceCompile Include="tower_defense.rc">
      <Filter>Resource Files</Filter>
    </ResourceCompile>
  </ItemGroup>
  <ItemGroup>
    <ClInclude Include="Camera.h">
      <Filter>Header Files\draw</Filter>
    </ClInclude>
    <ClInclude Include="Color.h">
      <Filter>Header Files\draw</Filter>
    </ClInclude>
    <ClInclude Include="DrawSystem.h">
      <Filter>Header Files\draw</Filter>
    </ClInclude>
    <ClInclude Include="getMilliCount.h">
      <Filter>Header Files\global</Filter>
    </ClInclude>
    <ClInclude Include="geometry.h">
      <Filter>Header Files\global</Filter>
    </ClInclude>
    <ClInclude Include="keys.h">
      <Filter>Header Files\global</Filter>
    </ClInclude>
    <ClInclude Include="Control.h">
      <Filter>Header Files\control</Filter>
    </ClInclude>
    <ClInclude Include="names.h">
      <Filter>Header Files\control</Filter>
    </ClInclude>
    <ClInclude Include="random.h">
      <Filter>Header Files\global</Filter>
    </ClInclude>
    <ClInclude Include="System.h">
      <Filter>Header Files\system</Filter>
    </ClInclude>
    <ClInclude Include="Vector2d.h">
      <Filter>Header Files\global</Filter>
    </ClInclude>
    <ClInclude Include="Mouse.h">
      <Filter>Header Files\global</Filter>
    </ClInclude>
    <ClInclude Include="Animation.h">
      <Filter>Header Files\draw</Filter>
    </ClInclude>
    <ClInclude Include="Body.h">
      <Filter>Header Files\system\classes</Filter>
    </ClInclude>
    <ClInclude Include="Bullet.h">
      <Filter>Header Files\system\classes</Filter>
    </ClInclude>
    <ClInclude Include="Cell.h">
      <Filter>Header Files\system\classes</Filter>
    </ClInclude>
    <ClInclude Include="Creature.h">
      <Filter>Header Files\system\classes</Filter>
    </ClInclude>
    <ClInclude Include="Engine.h">
      <Filter>Header Files\system\classes</Filter>
    </ClInclude>
    <ClInclude Include="Exit.h">
      <Filter>Header Files\system\classes</Filter>
    </ClInclude>
    <ClInclude Include="Explosion.h">
      <Filter>Header Files\system\classes</Filter>
    </ClInclude>
    <ClInclude Include="Gun.h">
      <Filter>Header Files\system\classes</Filter>
    </ClInclude>
    <ClInclude Include="Mover.h">
      <Filter>Header Files\system\classes</Filter>
    </ClInclude>
    <ClInclude Include="Orderlist.h">
      <Filter>Header Files\system\classes</Filter>
    </ClInclude>
    <ClInclude Include="Ship.h">
      <Filter>Header Files\system\classes</Filter>
    </ClInclude>
    <ClInclude Include="Shooter.h">
      <Filter>Header Files\system\classes</Filter>
    </ClInclude>
    <ClInclude Include="Turret.h">
      <Filter>Header Files\system\classes</Filter>
    </ClInclude>
    <ClInclude Include="Unit.h">
      <Filter>Header Files\system\classes</Filter>
    </ClInclude>
    <ClInclude Include="Dummy.h">
      <Filter>Header Files\system\classes</Filter>
    </ClInclude>
    <ClInclude Include="Audio.h">
      <Filter>Header Files\audio</Filter>
    </ClInclude>
    <ClInclude Include="Bonus.h">
      <Filter>Header Files\system\classes</Filter>
    </ClInclude>
    <ClInclude Include="RocketLauncher.h">
      <Filter>Header Files\system\classes</Filter>
    </ClInclude>
    <ClInclude Include="Laser.h">
      <Filter>Header Files\system\classes</Filter>
    </ClInclude>
    <ClInclude Include="LaserCarrier.h">
      <Filter>Header Files\system\classes</Filter>
    </ClInclude>
    <ClInclude Include="Gamepad.h">
      <Filter>Header Files\global</Filter>
    </ClInclude>
    <ClInclude Include="Robot.h">
      <Filter>Header Files\system\classes</Filter>
    </ClInclude>
  </ItemGroup>
  <ItemGroup>
    <ClCompile Include="Control.cpp">
      <Filter>Source Files\control</Filter>
    </ClCompile>
    <ClCompile Include="Control.events.cpp">
      <Filter>Source Files\control</Filter>
    </ClCompile>
    <ClCompile Include="geometry.cpp">
      <Filter>Source Files\global</Filter>
    </ClCompile>
    <ClCompile Include="getMilliCount.cpp">
      <Filter>Source Files\global</Filter>
    </ClCompile>
    <ClCompile Include="main.cpp">
      <Filter>Source Files\global</Filter>
    </ClCompile>
    <ClCompile Include="Mouse.cpp">
      <Filter>Source Files\global</Filter>
    </ClCompile>
    <ClCompile Include="random.cpp">
      <Filter>Source Files\global</Filter>
    </ClCompile>
    <ClCompile Include="System.cpp">
      <Filter>Source Files\system</Filter>
    </ClCompile>
    <ClCompile Include="Vector2d.cpp">
      <Filter>Source Files\global</Filter>
    </ClCompile>
    <ClCompile Include="System.checkOrders.cpp">
      <Filter>Source Files\system\methods</Filter>
    </ClCompile>
    <ClCompile Include="System.checkWall.cpp">
      <Filter>Source Files\system\methods</Filter>
    </ClCompile>
    <ClCompile Include="System.collision.cpp">
      <Filter>Source Files\system\methods</Filter>
    </ClCompile>
    <ClCompile Include="System.start.cpp">
      <Filter>Source Files\system\methods</Filter>
    </ClCompile>
    <ClCompile Include="System.think.cpp">
      <Filter>Source Files\system\methods</Filter>
    </ClCompile>
    <ClCompile Include="System.step.cpp">
      <Filter>Source Files\system\methods</Filter>
    </ClCompile>
    <ClCompile Include="Body.cpp">
      <Filter>Source Files\system\classes</Filter>
    </ClCompile>
    <ClCompile Include="Bullet.cpp">
      <Filter>Source Files\system\classes</Filter>
    </ClCompile>
    <ClCompile Include="Cell.cpp">
      <Filter>Source Files\system\classes</Filter>
    </ClCompile>
    <ClCompile Include="Creature.cpp">
      <Filter>Source Files\system\classes</Filter>
    </ClCompile>
    <ClCompile Include="Engine.cpp">
      <Filter>Source Files\system\classes</Filter>
    </ClCompile>
    <ClCompile Include="Exit.cpp">
      <Filter>Source Files\system\classes</Filter>
    </ClCompile>
    <ClCompile Include="Explosion.cpp">
      <Filter>Source Files\system\classes</Filter>
    </ClCompile>
    <ClCompile Include="Gun.cpp">
      <Filter>Source Files\system\classes</Filter>
    </ClCompile>
    <ClCompile Include="Mover.cpp">
      <Filter>Source Files\system\classes</Filter>
    </ClCompile>
    <ClCompile Include="Orderlist.cpp">
      <Filter>Source Files\system\classes</Filter>
    </ClCompile>
    <ClCompile Include="Ship.cpp">
      <Filter>Source Files\system\classes</Filter>
    </ClCompile>
    <ClCompile Include="Shooter.cpp">
      <Filter>Source Files\system\classes</Filter>
    </ClCompile>
    <ClCompile Include="Turret.cpp">
      <Filter>Source Files\system\classes</Filter>
    </ClCompile>
    <ClCompile Include="Unit.cpp">
      <Filter>Source Files\system\classes</Filter>
    </ClCompile>
    <ClCompile Include="System.checkExplosions.cpp">
      <Filter>Source Files\system\methods</Filter>
    </ClCompile>
    <ClCompile Include="Dummy.cpp">
      <Filter>Source Files\system\classes</Filter>
    </ClCompile>
    <ClCompile Include="Animation.cpp">
      <Filter>Source Files\draw\classes</Filter>
    </ClCompile>
    <ClCompile Include="Camera.cpp">
      <Filter>Source Files\draw\classes</Filter>
    </ClCompile>
    <ClCompile Include="Color.cpp">
      <Filter>Source Files\draw\classes</Filter>
    </ClCompile>
    <ClCompile Include="DrawSystem.basics.cpp">
      <Filter>Source Files\draw\methods</Filter>
    </ClCompile>
    <ClCompile Include="DrawSystem.drawWalls.cpp">
      <Filter>Source Files\draw\methods</Filter>
    </ClCompile>
    <ClCompile Include="DrawSystem.loadTextures.cpp">
      <Filter>Source Files\draw\methods</Filter>
    </ClCompile>
    <ClCompile Include="DrawSystem.loadWalls.cpp">
      <Filter>Source Files\draw\methods</Filter>
    </ClCompile>
    <ClCompile Include="DrawSystem.objects.cpp">
      <Filter>Source Files\draw\methods</Filter>
    </ClCompile>
    <ClCompile Include="Audio.cpp">
      <Filter>Source Files\audio</Filter>
    </ClCompile>
    <ClCompile Include="Control.gameEvents.cpp">
      <Filter>Source Files\control</Filter>
    </ClCompile>
    <ClCompile Include="Bonus.cpp">
      <Filter>Source Files\system\classes</Filter>
    </ClCompile>
    <ClCompile Include="System.fillChunks.cpp">
      <Filter>Source Files\system\methods</Filter>
    </ClCompile>
    <ClCompile Include="System.getNeighbors.cpp">
      <Filter>Source Files\system\methods</Filter>
    </ClCompile>
    <ClCompile Include="RocketLauncher.cpp">
      <Filter>Source Files\system\classes</Filter>
    </ClCompile>
    <ClCompile Include="DrawSystem.cpp">
      <Filter>Source Files\draw</Filter>
    </ClCompile>
    <ClCompile Include="System.checkAbility.cpp">
      <Filter>Source Files\system\methods</Filter>
    </ClCompile>
    <ClCompile Include="Laser.cpp">
      <Filter>Source Files\system\classes</Filter>
    </ClCompile>
    <ClCompile Include="LaserCarrier.cpp">
      <Filter>Source Files\system\classes</Filter>
    </ClCompile>
    <ClCompile Include="System.getCell.cpp">
      <Filter>Source Files\system\methods</Filter>
    </ClCompile>
    <ClCompile Include="System.damage.cpp">
      <Filter>Source Files\system\methods</Filter>
    </ClCompile>
    <ClCompile Include="Gamepad.cpp">
      <Filter>Source Files\global</Filter>
    </ClCompile>
    <ClCompile Include="Robot.cpp">
      <Filter>Source Files\system\classes</Filter>
    </ClCompile>
  </ItemGroup>
</Project>